
Microsoft Visual Studio Solution File, Format Version 12.00
# Visual Studio 14
VisualStudioVersion = 14.0.25420.1
MinimumVisualStudioVersion = 10.0.40219.1
Project("{FAE04EC0-301F-11D3-BF4B-00C04F79EFBC}") = "Presentation", "Presentation\Presentation.csproj", "{3875E992-A745-4205-A79E-0633037BBE8D}"
EndProject
Project("{2150E333-8FDC-42A3-9474-1A3956D46DE8}") = "Web", "Web", "{2C1FFA2B-3743-4CF0-9B3E-2360D928F2FD}"
EndProject
Project("{2150E333-8FDC-42A3-9474-1A3956D46DE8}") = "DAL", "DAL", "{0A0E350A-6A65-4F24-9083-942437DD5E4A}"
EndProject
Project("{FAE04EC0-301F-11D3-BF4B-00C04F79EFBC}") = "Repository", "Repository\Repository.csproj", "{5A99AC1A-EE78-4BC9-8A4F-086222FEC68F}"
EndProject
Global
	GlobalSection(SolutionConfigurationPlatforms) = preSolution
		Debug|Any CPU = Debug|Any CPU
		Release|Any CPU = Release|Any CPU
	EndGlobalSection
	GlobalSection(ProjectConfigurationPlatforms) = postSolution
		{3875E992-A745-4205-A79E-0633037BBE8D}.Debug|Any CPU.ActiveCfg = Debug|Any CPU
		{3875E992-A745-4205-A79E-0633037BBE8D}.Debug|Any CPU.Build.0 = Debug|Any CPU
		{3875E992-A745-4205-A79E-0633037BBE8D}.Release|Any CPU.ActiveCfg = Release|Any CPU
		{3875E992-A745-4205-A79E-0633037BBE8D}.Release|Any CPU.Build.0 = Release|Any CPU
		{5A99AC1A-EE78-4BC9-8A4F-086222FEC68F}.Debug|Any CPU.ActiveCfg = Debug|Any CPU
		{5A99AC1A-EE78-4BC9-8A4F-086222FEC68F}.Debug|Any CPU.Build.0 = Debug|Any CPU
		{5A99AC1A-EE78-4BC9-8A4F-086222FEC68F}.Release|Any CPU.ActiveCfg = Release|Any CPU
		{5A99AC1A-EE78-4BC9-8A4F-086222FEC68F}.Release|Any CPU.Build.0 = Release|Any CPU
	EndGlobalSection
	GlobalSection(SolutionProperties) = preSolution
		HideSolutionNode = FALSE
	EndGlobalSection
	GlobalSection(NestedProjects) = preSolution
		{3875E992-A745-4205-A79E-0633037BBE8D} = {2C1FFA2B-3743-4CF0-9B3E-2360D928F2FD}
		{5A99AC1A-EE78-4BC9-8A4F-086222FEC68F} = {0A0E350A-6A65-4F24-9083-942437DD5E4A}
	EndGlobalSection
EndGlobal
